
Microsoft Visual Studio Solution File, Format Version 12.00
# Visual Studio Version 17
VisualStudioVersion = 17.3.32901.215
MinimumVisualStudioVersion = 10.0.40219.1
Project("{FAE04EC0-301F-11D3-BF4B-00C04F79EFBC}") = "bolum1odev3", "bolum1odev3\bolum1odev3.csproj", "{CA4DCAE2-2A20-48BC-A13D-7CBEF1ECEACF}"
EndProject
Global
	GlobalSection(SolutionConfigurationPlatforms) = preSolution
		Debug|Any CPU = Debug|Any CPU
		Release|Any CPU = Release|Any CPU
	EndGlobalSection
	GlobalSection(ProjectConfigurationPlatforms) = postSolution
		{CA4DCAE2-2A20-48BC-A13D-7CBEF1ECEACF}.Debug|Any CPU.ActiveCfg = Debug|Any CPU
		{CA4DCAE2-2A20-48BC-A13D-7CBEF1ECEACF}.Debug|Any CPU.Build.0 = Debug|Any CPU
		{CA4DCAE2-2A20-48BC-A13D-7CBEF1ECEACF}.Release|Any CPU.ActiveCfg = Release|Any CPU
		{CA4DCAE2-2A20-48BC-A13D-7CBEF1ECEACF}.Release|Any CPU.Build.0 = Release|Any CPU
	EndGlobalSection
	GlobalSection(SolutionProperties) = preSolution
		HideSolutionNode = FALSE
	EndGlobalSection
	GlobalSection(ExtensibilityGlobals) = postSolution
		SolutionGuid = {38941C06-9838-41DE-AEFB-1EDB06BA95E1}
	EndGlobalSection
EndGlobal
